# This file is automatically @generated by Cargo.
# It is not intended for manual editing.
version = 3

[[package]]
name = "midman-agent"
version = "0.0.1"

[[package]]
name = "midman-api"
version = "0.0.1"

[[package]]
name = "midman-checkpoint"
version = "0.0.1"

[[package]]
name = "midman-cli"
version = "0.0.1"

[[package]]
name = "midman-data"
version = "0.0.1"

[[package]]
name = "midman-foundation"
version = "0.0.1"

[[package]]
name = "midman-game"
version = "0.0.1"

[[package]]
name = "midman-inference"
version = "0.0.1"

[[package]]
name = "midman-model"
version = "0.0.1"
dependencies = [
 "midman-foundation",
 "midman-model-config",
 "midman-nn",
 "midman-optim",
 "midman-tensor",
]

[[package]]
name = "midman-model-config"
version = "0.0.1"
dependencies = [
 "midman-foundation",
]

[[package]]
name = "midman-nn"
version = "0.0.1"
dependencies = [
 "midman-foundation",
 "midman-tensor",
]

[[package]]
name = "midman-optim"
version = "0.0.1"
dependencies = [
 "midman-foundation",
 "midman-tensor",
]

[[package]]
name = "midman-quant"
version = "0.0.1"

[[package]]
name = "midman-sandbox"
version = "0.0.1"

[[package]]
name = "midman-server"
version = "0.0.1"

[[package]]
name = "midman-tensor"
version = "0.0.1"
dependencies = [
 "midman-foundation",
]

[[package]]
name = "midman-tokenizer"
version = "0.0.1"

[[package]]
name = "midman-tools"
version = "0.0.1"

[[package]]
name = "midman-trainer"
version = "0.0.1"

[[package]]
name = "midman-training"
version = "0.0.1"

[[package]]
name = "midman-ubel"
version = "0.0.1"
